
Microsoft Visual Studio Solution File, Format Version 12.00
Project("{FAE04EC0-301F-11D3-BF4B-00C04F79EFBC}") = "Product_API", "Product_API.csproj", "{06778229-01AA-42C2-A679-0BBE12857993}"
EndProject
Global
	GlobalSection(SolutionConfigurationPlatforms) = preSolution
		Debug|Any CPU = Debug|Any CPU
		Release|Any CPU = Release|Any CPU
	EndGlobalSection
	GlobalSection(ProjectConfigurationPlatforms) = postSolution
		{06778229-01AA-42C2-A679-0BBE12857993}.Debug|Any CPU.ActiveCfg = Debug|Any CPU
		{06778229-01AA-42C2-A679-0BBE12857993}.Debug|Any CPU.Build.0 = Debug|Any CPU
		{06778229-01AA-42C2-A679-0BBE12857993}.Release|Any CPU.ActiveCfg = Release|Any CPU
		{06778229-01AA-42C2-A679-0BBE12857993}.Release|Any CPU.Build.0 = Release|Any CPU
	EndGlobalSection
EndGlobal
